{
  "version": "5",
  "specifiers": {
    "jsr:@hono/hono@^4.6.0": "4.10.6"
  },
  "jsr": {
    "@hono/hono@4.10.6": {
      "integrity": "bcbbf9753a3570f2fa4609484bae0cead85a3feb110ee9ceb7ffc37d845d9a4d"
    }
  },
  "remote": {
    "https://deno.land/std@0.160.0/_util/assert.ts": "e94f2eb37cebd7f199952e242c77654e43333c1ac4c5c700e929ea3aa5489f74",
    "https://deno.land/std@0.160.0/_util/os.ts": "8a33345f74990e627b9dfe2de9b040004b08ea5146c7c9e8fe9a29070d193934",
    "https://deno.land/std@0.160.0/async/abortable.ts": "87aa7230be8360c24ad437212311c9e8d4328854baec27b4c7abb26e85515c06",
    "https://deno.land/std@0.160.0/async/deadline.ts": "48ac998d7564969f3e6ec6b6f9bf0217ebd00239b1b2292feba61272d5dd58d0",
    "https://deno.land/std@0.160.0/async/debounce.ts": "dc8b92d4a4fe7eac32c924f2b8d3e62112530db70cadce27042689d82970b350",
    "https://deno.land/std@0.160.0/async/deferred.ts": "d8fb253ffde2a056e4889ef7e90f3928f28be9f9294b6505773d33f136aab4e6",
    "https://deno.land/std@0.160.0/async/delay.ts": "0419dfc993752849692d1f9647edf13407c7facc3509b099381be99ffbc9d699",
    "https://deno.land/std@0.160.0/async/mod.ts": "dd0a8ed4f3984ffabe2fcca7c9f466b7932d57b1864ffee148a5d5388316db6b",
    "https://deno.land/std@0.160.0/async/mux_async_iterator.ts": "3447b28a2a582224a3d4d3596bccbba6e85040da3b97ed64012f7decce98d093",
    "https://deno.land/std@0.160.0/async/pool.ts": "ef9eb97b388543acbf0ac32647121e4dbe629236899586c4d4311a8770fbb239",
    "https://deno.land/std@0.160.0/async/tee.ts": "9af3a3e7612af75861308b52249e167f5ebc3dcfc8a1a4d45462d96606ee2b70",
    "https://deno.land/std@0.160.0/bytes/bytes_list.ts": "aba5e2369e77d426b10af1de0dcc4531acecec27f9b9056f4f7bfbf8ac147ab4",
    "https://deno.land/std@0.160.0/bytes/equals.ts": "3c3558c3ae85526f84510aa2b48ab2ad7bdd899e2e0f5b7a8ffc85acb3a6043a",
    "https://deno.land/std@0.160.0/bytes/mod.ts": "b2e342fd3669176a27a4e15061e9d588b89c1aaf5008ab71766e23669565d179",
    "https://deno.land/std@0.160.0/crypto/_fnv/fnv32.ts": "aa9bddead8c6345087d3abd4ef35fb9655622afc333fc41fff382b36e64280b5",
    "https://deno.land/std@0.160.0/crypto/_fnv/fnv64.ts": "625d7e7505b6cb2e9801b5fd6ed0a89256bac12b2bbb3e4664b85a88b0ec5bef",
    "https://deno.land/std@0.160.0/crypto/_fnv/index.ts": "a8f6a361b4c6d54e5e89c16098f99b6962a1dd6ad1307dbc97fa1ecac5d7060a",
    "https://deno.land/std@0.160.0/crypto/_fnv/util.ts": "4848313bed7f00f55be3cb080aa0583fc007812ba965b03e4009665bde614ce3",
    "https://deno.land/std@0.160.0/crypto/_wasm_crypto/lib/deno_std_wasm_crypto.generated.mjs": "258b484c2da27578bec61c01d4b62c21f72268d928d03c968c4eb590cb3bd830",
    "https://deno.land/std@0.160.0/crypto/_wasm_crypto/mod.ts": "6c60d332716147ded0eece0861780678d51b560f533b27db2e15c64a4ef83665",
    "https://deno.land/std@0.160.0/crypto/keystack.ts": "e481eed28007395e554a435e880fee83a5c73b9259ed8a135a75e4b1e4f381f7",
    "https://deno.land/std@0.160.0/crypto/mod.ts": "fadedc013b4a86fda6305f1adc6d1c02225834d53cff5d95cc05f62b25127517",
    "https://deno.land/std@0.160.0/crypto/timing_safe_equal.ts": "82a29b737bc8932d75d7a20c404136089d5d23629e94ba14efa98a8cc066c73e",
    "https://deno.land/std@0.160.0/datetime/formatter.ts": "7c8e6d16a0950f400aef41b9f1eb9168249869776ec520265dfda785d746589e",
    "https://deno.land/std@0.160.0/datetime/mod.ts": "ea927ca96dfb28c7b9a5eed5bdc7ac46bb9db38038c4922631895cea342fea87",
    "https://deno.land/std@0.160.0/datetime/tokenizer.ts": "7381e28f6ab51cb504c7e132be31773d73ef2f3e1e50a812736962b9df1e8c47",
    "https://deno.land/std@0.160.0/encoding/base64.ts": "c57868ca7fa2fbe919f57f88a623ad34e3d970d675bdc1ff3a9d02bba7409db2",
    "https://deno.land/std@0.160.0/encoding/base64url.ts": "a5f82a9fa703bd85a5eb8e7c1296bc6529e601ebd9642cc2b5eaa6b38fa9e05a",
    "https://deno.land/std@0.160.0/encoding/hex.ts": "4cc5324417cbb4ac9b828453d35aed45b9cc29506fad658f1f138d981ae33795",
    "https://deno.land/std@0.160.0/fmt/colors.ts": "9e36a716611dcd2e4865adea9c4bec916b5c60caad4cdcdc630d4974e6bb8bd4",
    "https://deno.land/std@0.160.0/io/buffer.ts": "fae02290f52301c4e0188670e730cd902f9307fb732d79c4aa14ebdc82497289",
    "https://deno.land/std@0.160.0/path/_constants.ts": "df1db3ffa6dd6d1252cc9617e5d72165cd2483df90e93833e13580687b6083c3",
    "https://deno.land/std@0.160.0/path/_interface.ts": "ee3b431a336b80cf445441109d089b70d87d5e248f4f90ff906820889ecf8d09",
    "https://deno.land/std@0.160.0/path/_util.ts": "d16be2a16e1204b65f9d0dfc54a9bc472cafe5f4a190b3c8471ec2016ccd1677",
    "https://deno.land/std@0.160.0/path/common.ts": "bee563630abd2d97f99d83c96c2fa0cca7cee103e8cb4e7699ec4d5db7bd2633",
    "https://deno.land/std@0.160.0/path/glob.ts": "cb5255638de1048973c3e69e420c77dc04f75755524cb3b2e160fe9277d939ee",
    "https://deno.land/std@0.160.0/path/mod.ts": "56fec03ad0ebd61b6ab39ddb9b0ddb4c4a5c9f2f4f632e09dd37ec9ebfd722ac",
    "https://deno.land/std@0.160.0/path/posix.ts": "6b63de7097e68c8663c84ccedc0fd977656eb134432d818ecd3a4e122638ac24",
    "https://deno.land/std@0.160.0/path/separator.ts": "fe1816cb765a8068afb3e8f13ad272351c85cbc739af56dacfc7d93d710fe0f9",
    "https://deno.land/std@0.160.0/path/win32.ts": "ee8826dce087d31c5c81cd414714e677eb68febc40308de87a2ce4b40e10fb8d",
    "https://deno.land/std@0.160.0/testing/_diff.ts": "a23e7fc2b4d8daa3e158fa06856bedf5334ce2a2831e8bf9e509717f455adb2c",
    "https://deno.land/std@0.160.0/testing/_format.ts": "cd11136e1797791045e639e9f0f4640d5b4166148796cad37e6ef75f7d7f3832",
    "https://deno.land/std@0.160.0/testing/asserts.ts": "1e340c589853e82e0807629ba31a43c84ebdcdeca910c4a9705715dfdb0f5ce8",
    "https://deno.land/std@0.208.0/assert/_constants.ts": "8a9da298c26750b28b326b297316cdde860bc237533b07e1337c021379e6b2a9",
    "https://deno.land/std@0.208.0/assert/_diff.ts": "58e1461cc61d8eb1eacbf2a010932bf6a05b79344b02ca38095f9b805795dc48",
    "https://deno.land/std@0.208.0/assert/_format.ts": "a69126e8a469009adf4cf2a50af889aca364c349797e63174884a52ff75cf4c7",
    "https://deno.land/std@0.208.0/assert/assert.ts": "9a97dad6d98c238938e7540736b826440ad8c1c1e54430ca4c4e623e585607ee",
    "https://deno.land/std@0.208.0/assert/assert_almost_equals.ts": "e15ca1f34d0d5e0afae63b3f5d975cbd18335a132e42b0c747d282f62ad2cd6c",
    "https://deno.land/std@0.208.0/assert/assert_array_includes.ts": "6856d7f2c3544bc6e62fb4646dfefa3d1df5ff14744d1bca19f0cbaf3b0d66c9",
    "https://deno.land/std@0.208.0/assert/assert_equals.ts": "d8ec8a22447fbaf2fc9d7c3ed2e66790fdb74beae3e482855d75782218d68227",
    "https://deno.land/std@0.208.0/assert/assert_exists.ts": "407cb6b9fb23a835cd8d5ad804e2e2edbbbf3870e322d53f79e1c7a512e2efd7",
    "https://deno.land/std@0.208.0/assert/assert_false.ts": "0ccbcaae910f52c857192ff16ea08bda40fdc79de80846c206bfc061e8c851c6",
    "https://deno.land/std@0.208.0/assert/assert_greater.ts": "ae2158a2d19313bf675bf7251d31c6dc52973edb12ac64ac8fc7064152af3e63",
    "https://deno.land/std@0.208.0/assert/assert_greater_or_equal.ts": "1439da5ebbe20855446cac50097ac78b9742abe8e9a43e7de1ce1426d556e89c",
    "https://deno.land/std@0.208.0/assert/assert_instance_of.ts": "3aedb3d8186e120812d2b3a5dea66a6e42bf8c57a8bd927645770bd21eea554c",
    "https://deno.land/std@0.208.0/assert/assert_is_error.ts": "c21113094a51a296ffaf036767d616a78a2ae5f9f7bbd464cd0197476498b94b",
    "https://deno.land/std@0.208.0/assert/assert_less.ts": "aec695db57db42ec3e2b62e97e1e93db0063f5a6ec133326cc290ff4b71b47e4",
    "https://deno.land/std@0.208.0/assert/assert_less_or_equal.ts": "5fa8b6a3ffa20fd0a05032fe7257bf985d207b85685fdbcd23651b70f928c848",
    "https://deno.land/std@0.208.0/assert/assert_match.ts": "c4083f80600bc190309903c95e397a7c9257ff8b5ae5c7ef91e834704e672e9b",
    "https://deno.land/std@0.208.0/assert/assert_not_equals.ts": "9f1acab95bd1f5fc9a1b17b8027d894509a745d91bac1718fdab51dc76831754",
    "https://deno.land/std@0.208.0/assert/assert_not_instance_of.ts": "0c14d3dfd9ab7a5276ed8ed0b18c703d79a3d106102077ec437bfe7ed912bd22",
    "https://deno.land/std@0.208.0/assert/assert_not_match.ts": "3796a5b0c57a1ce6c1c57883dd4286be13a26f715ea662318ab43a8491a13ab0",
    "https://deno.land/std@0.208.0/assert/assert_not_strict_equals.ts": "4cdef83df17488df555c8aac1f7f5ec2b84ad161b6d0645ccdbcc17654e80c99",
    "https://deno.land/std@0.208.0/assert/assert_object_match.ts": "d8fc2867cfd92eeacf9cea621e10336b666de1874a6767b5ec48988838370b54",
    "https://deno.land/std@0.208.0/assert/assert_rejects.ts": "45c59724de2701e3b1f67c391d6c71c392363635aad3f68a1b3408f9efca0057",
    "https://deno.land/std@0.208.0/assert/assert_strict_equals.ts": "b1f538a7ea5f8348aeca261d4f9ca603127c665e0f2bbfeb91fa272787c87265",
    "https://deno.land/std@0.208.0/assert/assert_string_includes.ts": "b821d39ebf5cb0200a348863c86d8c4c4b398e02012ce74ad15666fc4b631b0c",
    "https://deno.land/std@0.208.0/assert/assert_throws.ts": "63784e951475cb7bdfd59878cd25a0931e18f6dc32a6077c454b2cd94f4f4bcd",
    "https://deno.land/std@0.208.0/assert/assertion_error.ts": "4d0bde9b374dfbcbe8ac23f54f567b77024fb67dbb1906a852d67fe050d42f56",
    "https://deno.land/std@0.208.0/assert/equal.ts": "9f1a46d5993966d2596c44e5858eec821859b45f783a5ee2f7a695dfc12d8ece",
    "https://deno.land/std@0.208.0/assert/fail.ts": "c36353d7ae6e1f7933d45f8ea51e358c8c4b67d7e7502028598fe1fea062e278",
    "https://deno.land/std@0.208.0/assert/mod.ts": "37c49a26aae2b254bbe25723434dc28cd7532e444cf0b481a97c045d110ec085",
    "https://deno.land/std@0.208.0/assert/unimplemented.ts": "d56fbeecb1f108331a380f72e3e010a1f161baa6956fd0f7cf3e095ae1a4c75a",
    "https://deno.land/std@0.208.0/assert/unreachable.ts": "4600dc0baf7d9c15a7f7d234f00c23bca8f3eba8b140286aaca7aa998cf9a536",
    "https://deno.land/std@0.208.0/fmt/colors.ts": "34b3f77432925eb72cf0bfb351616949746768620b8e5ead66da532f93d10ba2",
    "https://deno.land/x/bcrypt@v0.4.1/mod.ts": "ff09bdae282583cf5f7d87efe37ddcecef7f14f6d12e8b8066a3058db8c6c2f7",
    "https://deno.land/x/bcrypt@v0.4.1/src/bcrypt/base64.ts": "b8266450a4f1eb6960f60f2f7986afc4dde6b45bd2d7ee7ba10789e67e17b9f7",
    "https://deno.land/x/bcrypt@v0.4.1/src/bcrypt/bcrypt.ts": "ec221648cc6453ea5e3803bc817c01157dada06aa6f7a0ba6b9f87aae32b21e2",
    "https://deno.land/x/bcrypt@v0.4.1/src/main.ts": "08d201b289c8d9c46f8839c69cd6625b213863db29775c7a200afc3b540e64f8",
    "https://deno.land/x/postgres@v0.17.0/client.ts": "348779c9f6a1c75ef1336db662faf08dce7d2101ff72f0d1e341ba1505c8431d",
    "https://deno.land/x/postgres@v0.17.0/client/error.ts": "0817583b666fd546664ed52c1d37beccc5a9eebcc6e3c2ead20ada99b681e5f7",
    "https://deno.land/x/postgres@v0.17.0/connection/auth.ts": "1070125e2ac4ca4ade36d69a4222d37001903092826d313217987583edd61ce9",
    "https://deno.land/x/postgres@v0.17.0/connection/connection.ts": "428ed3efa055870db505092b5d3545ef743497b7b4b72cf8f0593e7dd4788acd",
    "https://deno.land/x/postgres@v0.17.0/connection/connection_params.ts": "52bfe90e8860f584b95b1b08c254dde97c3aa763c4b6bee0c80c5930e35459e0",
    "https://deno.land/x/postgres@v0.17.0/connection/message.ts": "f9257948b7f87d58bfbfe3fc6e2e08f0de3ef885655904d56a5f73655cc22c5a",
    "https://deno.land/x/postgres@v0.17.0/connection/message_code.ts": "466719008b298770c366c5c63f6cf8285b7f76514dadb4b11e7d9756a8a1ddbf",
    "https://deno.land/x/postgres@v0.17.0/connection/packet.ts": "050aeff1fc13c9349e89451a155ffcd0b1343dc313a51f84439e3e45f64b56c8",
    "https://deno.land/x/postgres@v0.17.0/connection/scram.ts": "0c7a2551fe7b1a1c62dd856b7714731a7e7534ccca10093336782d1bfc5b2bd2",
    "https://deno.land/x/postgres@v0.17.0/deps.ts": "f47ccb41f7f97eaad455d94f407ef97146ae99443dbe782894422c869fbba69e",
    "https://deno.land/x/postgres@v0.17.0/mod.ts": "a1e18fd9e6fedc8bc24e5aeec3ae6de45e2274be1411fb66e9081420c5e81d7d",
    "https://deno.land/x/postgres@v0.17.0/pool.ts": "892db7b5e1787988babecc994a151ebbd7d017f080905cbe9c3d7b44a73032a9",
    "https://deno.land/x/postgres@v0.17.0/query/array_parser.ts": "f8a229d82c3801de8266fa2cc4afe12e94fef8d0c479e73655c86ed3667ef33f",
    "https://deno.land/x/postgres@v0.17.0/query/decode.ts": "44a4a6cbcf494ed91a4fecae38a57dce63a7b519166f02c702791d9717371419",
    "https://deno.land/x/postgres@v0.17.0/query/decoders.ts": "16cb0e60227d86692931e315421b15768c78526e3aeb84e25fcc4111096de9fd",
    "https://deno.land/x/postgres@v0.17.0/query/encode.ts": "5f1418a2932b7c2231556e4a5f5f56efef48728014070cfafe7656963f342933",
    "https://deno.land/x/postgres@v0.17.0/query/oid.ts": "8c33e1325f34e4ca9f11a48b8066c8cfcace5f64bc1eb17ad7247af4936999e1",
    "https://deno.land/x/postgres@v0.17.0/query/query.ts": "edb473cbcfeff2ee1c631272afb25d079d06b66b5853f42492725b03ffa742b6",
    "https://deno.land/x/postgres@v0.17.0/query/transaction.ts": "8e75c3ce0aca97da7fe126e68f8e6c08d640e5c8d2016e62cee5c254bebe7fe8",
    "https://deno.land/x/postgres@v0.17.0/utils/deferred.ts": "dd94f2a57355355c47812b061a51b55263f72d24e9cb3fdb474c7519f4d61083",
    "https://deno.land/x/postgres@v0.17.0/utils/utils.ts": "19c3527ddd5c6c4c49ae36397120274c7f41f9d3cbf479cb36065d23329e9f90",
    "https://esm.sh/drizzle-orm@0.29.0": "5e952dc8412de542b3c8a41596b5cbf193fb00163884a608d10b5d4cb1df7332",
    "https://esm.sh/drizzle-orm@0.29.0/denonext/alias.mjs": "83d0a278f38c6a709f3981a15294d6f061c8055349584e3dda619743c3cc4ba0",
    "https://esm.sh/drizzle-orm@0.29.0/denonext/column-builder.mjs": "37eabac9b8c62e7754e8021f55635ae0af66eccf44a97d384fad3d041abafb46",
    "https://esm.sh/drizzle-orm@0.29.0/denonext/column.mjs": "18c05df26b5a1b69de026734688d3dee82b8be5b3db736c9ac34f6bccbdaae3f",
    "https://esm.sh/drizzle-orm@0.29.0/denonext/drizzle-orm.mjs": "5a5f75e7588ec0fc2c3cf9b6f1cd62a04827f701404f8b6a4e9292ca9d9f2d71",
    "https://esm.sh/drizzle-orm@0.29.0/denonext/entity.mjs": "5e2247a4d466f49e4088b407ac89c137b057f026235d8d8f5ab04dc488251208",
    "https://esm.sh/drizzle-orm@0.29.0/denonext/errors.mjs": "c9ad20ba6f25c8a58d650ae98260371dbf1d9ada1370e0bba5d2f4ffb9ff8f19",
    "https://esm.sh/drizzle-orm@0.29.0/denonext/expressions.mjs": "291c26d957b4426f9a2ee51739d51a0538bbf0e5228d9039bd09ee59e2b1daab",
    "https://esm.sh/drizzle-orm@0.29.0/denonext/logger.mjs": "cdc03e226d40cd03b8d25d882009bd900de443f794f6ee9d888a168469004512",
    "https://esm.sh/drizzle-orm@0.29.0/denonext/migrator.mjs": "99f2b175d0a2aaeb5a7dc2b4650d5d4acfa3f10a3a61ceb5226ca3846a841763",
    "https://esm.sh/drizzle-orm@0.29.0/denonext/operations.mjs": "7b143b720b32a9ba76e03710956a39b7d35585124f2f983efe37b8792cc9dfc7",
    "https://esm.sh/drizzle-orm@0.29.0/denonext/pg-core.mjs": "501af0854172cf615cf15247ee69ba5c37b80c18610a1175770957d6f8f0605b",
    "https://esm.sh/drizzle-orm@0.29.0/denonext/pg-core/alias.mjs": "f58cb227097b2a2fccb36cd9ad5c4767f3655d5802cbac6d0599ddf67c1ad44b",
    "https://esm.sh/drizzle-orm@0.29.0/denonext/pg-core/checks.mjs": "b4c8395bf40f2f37a63e50545b25c31d53f4576d60fa9e1e6027ba4cbf80c7e7",
    "https://esm.sh/drizzle-orm@0.29.0/denonext/pg-core/columns.mjs": "c387b0dc89c3b7932eb95a4fff12b9c9798bf1b6f87903d2fad9b128213f8fad",
    "https://esm.sh/drizzle-orm@0.29.0/denonext/pg-core/columns/bigint.mjs": "4273914e1a1405c0f80e9a149a6b772979913a4f77c4aa224420cf111c34a91c",
    "https://esm.sh/drizzle-orm@0.29.0/denonext/pg-core/columns/bigserial.mjs": "73a9ddeaf37ba1d184802e0d605f8a1985ed04e8b414fdc924baea1c0df18334",
    "https://esm.sh/drizzle-orm@0.29.0/denonext/pg-core/columns/boolean.mjs": "766a5a39477c822b2f19931d87f74e1c866c9a3b87243d7f12086846bd67368e",
    "https://esm.sh/drizzle-orm@0.29.0/denonext/pg-core/columns/char.mjs": "0f490554b406cb9dc6b8e6ec699472a23197749853cc00bb4d8ab6b27c1a7475",
    "https://esm.sh/drizzle-orm@0.29.0/denonext/pg-core/columns/cidr.mjs": "fc68dd27e82d1cfa85816f61de8d65a4158c1b08979b1e1bd130b9eeb04aa562",
    "https://esm.sh/drizzle-orm@0.29.0/denonext/pg-core/columns/common.mjs": "3f58efbd24f839342a9b0ce48da244ff2b73cd813187431dd0e9b9b4b0d8f08e",
    "https://esm.sh/drizzle-orm@0.29.0/denonext/pg-core/columns/custom.mjs": "d5cb371df323a324e3ed680b213edaa2277e57dda8af1a10924ed1880a946c7b",
    "https://esm.sh/drizzle-orm@0.29.0/denonext/pg-core/columns/date.common.mjs": "e3e8ea860e69242c2803b522db172936a276fd2ffae2019876998ddb5cf06eaa",
    "https://esm.sh/drizzle-orm@0.29.0/denonext/pg-core/columns/date.mjs": "2b2e468d6f7f1f3f0b4790ee12772dd854cc134272e71175d01e1782097c590e",
    "https://esm.sh/drizzle-orm@0.29.0/denonext/pg-core/columns/double-precision.mjs": "c06b12bf98f953ab7835beb799402de4f56e93d7fcff8f84c0817817da0ea886",
    "https://esm.sh/drizzle-orm@0.29.0/denonext/pg-core/columns/enum.mjs": "acea8f5f995ef1f6287628b3cb71d5f8a37d49e79811dd73fa8633e539634a5c",
    "https://esm.sh/drizzle-orm@0.29.0/denonext/pg-core/columns/inet.mjs": "1f4e8aed30fd2ee2e4cefd0fd56d25f80a5f9449ea8869cdf0db4bcad51cec67",
    "https://esm.sh/drizzle-orm@0.29.0/denonext/pg-core/columns/integer.mjs": "9f2dd4c8704f210d7399150ffa0fa969ab227735e24a1f0b3b838415165d0bdf",
    "https://esm.sh/drizzle-orm@0.29.0/denonext/pg-core/columns/interval.mjs": "7905e5da794b511c83363ab0ccc7e27c4548826c7e0f509cc02ebbcb35657e6b",
    "https://esm.sh/drizzle-orm@0.29.0/denonext/pg-core/columns/json.mjs": "b67fede687c16b7934aa4ab7d3cd9b2547c36583edbe105345801733e9ab25a8",
    "https://esm.sh/drizzle-orm@0.29.0/denonext/pg-core/columns/jsonb.mjs": "e484074e0778c76ad467a7fe19986b867e78a6e62fc47543e9b144eba4488068",
    "https://esm.sh/drizzle-orm@0.29.0/denonext/pg-core/columns/macaddr.mjs": "cedf4f815f7466955988690e60e8d78d1bc4e8c3649e458a2f79812514f55e16",
    "https://esm.sh/drizzle-orm@0.29.0/denonext/pg-core/columns/macaddr8.mjs": "22f41cb50000832f201162eca838cb6a327cf295e29f0ac371e6fdf957d7e27e",
    "https://esm.sh/drizzle-orm@0.29.0/denonext/pg-core/columns/numeric.mjs": "8f8108131daecac7b992794acaf79cf66e743c84ff5cfd48bb977c08696563bb",
    "https://esm.sh/drizzle-orm@0.29.0/denonext/pg-core/columns/real.mjs": "3c95ca715f2ca7a2894868a3e643b975582af42a8a57c526e2357b157371c26d",
    "https://esm.sh/drizzle-orm@0.29.0/denonext/pg-core/columns/serial.mjs": "75976d3c5eb25b19bd273e91f9278f21b0af4598b74734e552d1d7ed5e608e2b",
    "https://esm.sh/drizzle-orm@0.29.0/denonext/pg-core/columns/smallint.mjs": "87338999a509a625811c3373466d1ba670f5f084ba1a34c9f4edd6cb710da833",
    "https://esm.sh/drizzle-orm@0.29.0/denonext/pg-core/columns/smallserial.mjs": "e3a87df3a80709ee5fc45c97557cc5dce71810df29bcf0f42893317e601ee42c",
    "https://esm.sh/drizzle-orm@0.29.0/denonext/pg-core/columns/text.mjs": "0a5991f59f5e8e31f058fee0983215ea59171494af7bed80f3ebe74330f8185b",
    "https://esm.sh/drizzle-orm@0.29.0/denonext/pg-core/columns/time.mjs": "82168ee43be8d13aa4a9fe281bd7da9ccb9be4ce4cdc7bd93f97979c9e81fe92",
    "https://esm.sh/drizzle-orm@0.29.0/denonext/pg-core/columns/timestamp.mjs": "4bdf46b19b321820f47bd1ad22ae1f0497c5f94ccf12eb7799676b874e206d15",
    "https://esm.sh/drizzle-orm@0.29.0/denonext/pg-core/columns/uuid.mjs": "1ed5e382fe91f4ad5608107f74d5f03ade38d5f336fc259198786200c08d08ac",
    "https://esm.sh/drizzle-orm@0.29.0/denonext/pg-core/columns/varchar.mjs": "4d62bfebd704b1e6ed7039c7aa67e0ea941963a6792a9316e128be1f69905306",
    "https://esm.sh/drizzle-orm@0.29.0/denonext/pg-core/db.mjs": "d5157b732145c8518e0aeaac94db6d61fe014ba10274df2bc3768bb0b7625c56",
    "https://esm.sh/drizzle-orm@0.29.0/denonext/pg-core/dialect.mjs": "236cbe4f05092c1642b851c8611b2b5df02e5ccaa5e68e04797a303bdaaecf83",
    "https://esm.sh/drizzle-orm@0.29.0/denonext/pg-core/foreign-keys.mjs": "5c25cb79719947de780b28eb2066fa7fbaeebaf4e399c61e5b4be3908245a8ce",
    "https://esm.sh/drizzle-orm@0.29.0/denonext/pg-core/indexes.mjs": "0052eaaa78237ce6be439a40f17a74461c12b13cfa865450c3ddb1380cd7bb2e",
    "https://esm.sh/drizzle-orm@0.29.0/denonext/pg-core/primary-keys.mjs": "b910451e2e1cb1bf5cf3d3e464c81c211d2b5ad7dabcc4e07927590f4f3988a3",
    "https://esm.sh/drizzle-orm@0.29.0/denonext/pg-core/query-builders.mjs": "6355f2d13e6b392cf097ac6d2c6f8a6f208e485f9c5d0317008df81fbed26c71",
    "https://esm.sh/drizzle-orm@0.29.0/denonext/pg-core/query-builders/delete.mjs": "0ad865a53e7044b0de620bad9d973fe6ccb9393855570b07165657bc97036af9",
    "https://esm.sh/drizzle-orm@0.29.0/denonext/pg-core/query-builders/insert.mjs": "3dec1863bd4bdb686cb83d71b3b1648f875f6bf53dd1a28c2ae5c1bd453bfe50",
    "https://esm.sh/drizzle-orm@0.29.0/denonext/pg-core/query-builders/query-builder.mjs": "58472da20c5826dc3c0b8cde482a5825d98f905a4427e7b7b6197f7d19d59d67",
    "https://esm.sh/drizzle-orm@0.29.0/denonext/pg-core/query-builders/query.mjs": "eec37046fdd53d6f6bf1630a462c3464516e54638f751431005b7d4cb41636a5",
    "https://esm.sh/drizzle-orm@0.29.0/denonext/pg-core/query-builders/refresh-materialized-view.mjs": "127bf47b233db0261123d990a89eadce8cffd431dbb1b3b3c54454025628dad1",
    "https://esm.sh/drizzle-orm@0.29.0/denonext/pg-core/query-builders/select.mjs": "35c512f2c57abb8529608caeeb9c871293bcc3bd6812de31b2786732c5b782b4",
    "https://esm.sh/drizzle-orm@0.29.0/denonext/pg-core/query-builders/select.types.mjs": "ccd58e160d02bb5e3d48e8cf75413b0d57f949def3280aefe87828d32abedba5",
    "https://esm.sh/drizzle-orm@0.29.0/denonext/pg-core/query-builders/update.mjs": "6cf1976d23767aa09f5d1e74e643003fd6f7c8a5f4426daa86632e2d7e1ea41f",
    "https://esm.sh/drizzle-orm@0.29.0/denonext/pg-core/schema.mjs": "3d0686f0066e31d0ea0734d7b85036a3ad709dd8e861d9f911a0f12c64343341",
    "https://esm.sh/drizzle-orm@0.29.0/denonext/pg-core/session.mjs": "0401ae6b443e478d8ea1da932ef3928aa10197154a62d8956f39bf5ca154362b",
    "https://esm.sh/drizzle-orm@0.29.0/denonext/pg-core/subquery.mjs": "af8e6c31c2bf32596e70faac526a8c272aae792f8b66ae9a3e6f209cd7d920bc",
    "https://esm.sh/drizzle-orm@0.29.0/denonext/pg-core/table.mjs": "51beb1b346d65740abde75ee9379c98b5a5c5d6b70002b049c9226922eb2f351",
    "https://esm.sh/drizzle-orm@0.29.0/denonext/pg-core/unique-constraint.mjs": "3355cbd82bcd72f441d52c87cc2c9bf6cab4432c7023644221fbfff79508b690",
    "https://esm.sh/drizzle-orm@0.29.0/denonext/pg-core/utils.mjs": "d9769e1c6cc836088f75fe75bc15406ce6a7f4e517e937644785e319b576a405",
    "https://esm.sh/drizzle-orm@0.29.0/denonext/pg-core/utils/array.mjs": "d049dd791a70dea97c517a8d2cdce906f1a1b04c03078de3d4c8b07735e75b81",
    "https://esm.sh/drizzle-orm@0.29.0/denonext/pg-core/view-base.mjs": "1e5fd632c38f0b064b54975e7227823480df590971a86122e5c4bf1e51d83e20",
    "https://esm.sh/drizzle-orm@0.29.0/denonext/pg-core/view-common.mjs": "098c20b4d5145f9a8d4a90e1dd8d961a8903844d97a3e10755caf2d04b2534a7",
    "https://esm.sh/drizzle-orm@0.29.0/denonext/pg-core/view.mjs": "7d3a2e2b05d102cd579d0438d26dbe2817cb0038c871c56fb01d76669cca6b5d",
    "https://esm.sh/drizzle-orm@0.29.0/denonext/postgres-js.mjs": "b66b49e5af5fe49652cdfe3dd8563ca1ab3a1abbf32894c02f9ec830edf6115a",
    "https://esm.sh/drizzle-orm@0.29.0/denonext/postgres-js/driver.mjs": "c427ec3b69d81cbd0b47a59597ea2695b6dd7c6130bc1fecdcdcc8c587f30603",
    "https://esm.sh/drizzle-orm@0.29.0/denonext/postgres-js/migrator.mjs": "35f2d8ad9013cbeb55b6fdded97ccad9c93a60fc81a5b4eecd0f65a6024ae2b6",
    "https://esm.sh/drizzle-orm@0.29.0/denonext/postgres-js/session.mjs": "23aadb47b1bfbaf4014d70bed9f7fe8181e8ed32554ccff7faf248bd9264e0d7",
    "https://esm.sh/drizzle-orm@0.29.0/denonext/query-builders/query-builder.mjs": "0856af59e8639d9a7ede028d087666a979392b0bea7c8cab4b142be1d2c53b99",
    "https://esm.sh/drizzle-orm@0.29.0/denonext/query-promise.mjs": "6512719e00784b62edd617501ca7c5be764add2903d670fd75f355ed9756eb9e",
    "https://esm.sh/drizzle-orm@0.29.0/denonext/relations.mjs": "05aa58dcbafbd798b82084cdf6adee9338f9f7ebadcd0f6dd23bae1ca6b42915",
    "https://esm.sh/drizzle-orm@0.29.0/denonext/selection-proxy.mjs": "faffdb67c7154e928eef41b85c05776d3c2262187fca60f9941727a286622726",
    "https://esm.sh/drizzle-orm@0.29.0/denonext/sql.mjs": "8abf8378915dee1c13917e35f8970f542331dd8df6c404dd05c45b30c32fa82a",
    "https://esm.sh/drizzle-orm@0.29.0/denonext/sql/expressions.mjs": "fa2fc79cca18cb2feec7db43b529814e32deaba51fb4947b59b5b1d76acce516",
    "https://esm.sh/drizzle-orm@0.29.0/denonext/sql/expressions/conditions.mjs": "ca399db93474d32fa2ef1738e6293dffe14dfabe1b5da11e498d8b3d9c720f89",
    "https://esm.sh/drizzle-orm@0.29.0/denonext/sql/expressions/select.mjs": "02f98432fee4d959edab7fd5f5e53260e45205d69afd75cbf2b30f62bf500d61",
    "https://esm.sh/drizzle-orm@0.29.0/denonext/sql/sql.mjs": "d3910b0d44a049278d1a86fca6f75305a75ebd0229332d95dfcf7ccd420ef061",
    "https://esm.sh/drizzle-orm@0.29.0/denonext/subquery.mjs": "f38e63e43dd9d368a2047f4699a1c465650a1b7247ef533f3f975c994b6cb572",
    "https://esm.sh/drizzle-orm@0.29.0/denonext/table.mjs": "26d17ed5d0e3379c128bf53e60bb5d0bf6ffacab903eebae1bafb502480bc564",
    "https://esm.sh/drizzle-orm@0.29.0/denonext/tracing-utils.mjs": "b1cffca1b693399ecdfe9028203c5497beb0c374a4a89c3b025ceafe7dfb047e",
    "https://esm.sh/drizzle-orm@0.29.0/denonext/tracing.mjs": "641ffa80ed45d25493491c16b51117f01553e1f8d0929b146432ee9a1c92db84",
    "https://esm.sh/drizzle-orm@0.29.0/denonext/utils.mjs": "41fae103c3694eaf515c1c9184bb4e9444db7fe44d9518385ed7081c75f5de9a",
    "https://esm.sh/drizzle-orm@0.29.0/denonext/version.mjs": "5c82ae3f5acb93d96cf07f5b3a57cf069f64cfaa0ee33418dde6acb6377e02bc",
    "https://esm.sh/drizzle-orm@0.29.0/denonext/view-common.mjs": "c15d018a7e24d56d3d12be5b15717e08be8dec2e61901f404c8b3e26b369ddaf",
    "https://esm.sh/drizzle-orm@0.29.0/pg-core": "20ceab4e29ffde5380d8b9760cd9191fa1716546aa71ae38a1483cdf62490e44",
    "https://esm.sh/drizzle-orm@0.29.0/postgres-js": "f0c37748f43206862446cdf14d66cdc0bde38917c4ad585027e60c02a084eecf",
    "https://esm.sh/drizzle-orm@0.29.0/postgres-js/migrator": "19ac87dfa15828a179aa6b989704e315e5f4ce06073eae1cbfc4a3276351fc6a",
    "https://esm.sh/postgres@3.4.3": "2d1cf68faa4a5da37630d8b38102fa8fd291b01092b06eb3235b1ce22c572649",
    "https://esm.sh/postgres@3.4.3/denonext/postgres.mjs": "328e5a8975b0b56811b3e1e13bd233b7e5de35a10e7a17c86260e3bcc50da254"
  },
  "workspace": {
    "dependencies": [
      "jsr:@hono/hono@^4.6.0"
    ]
  }
}
